
Microsoft Visual Studio Solution File, Format Version 12.00
# Visual Studio 15
VisualStudioVersion = 15.0.28307.645
MinimumVisualStudioVersion = 10.0.40219.1
Project("{FAE04EC0-301F-11D3-BF4B-00C04F79EFBC}") = "KMLEditor", "KMLEditor.csproj", "{2D2D1EA1-0947-4BAF-9806-587DF35FDE02}"
EndProject
Global
	GlobalSection(SolutionConfigurationPlatforms) = preSolution
		Debug|Any CPU = Debug|Any CPU
		Release|Any CPU = Release|Any CPU
	EndGlobalSection
	GlobalSection(ProjectConfigurationPlatforms) = postSolution
		{2D2D1EA1-0947-4BAF-9806-587DF35FDE02}.Debug|Any CPU.ActiveCfg = Debug|Any CPU
		{2D2D1EA1-0947-4BAF-9806-587DF35FDE02}.Debug|Any CPU.Build.0 = Debug|Any CPU
		{2D2D1EA1-0947-4BAF-9806-587DF35FDE02}.Release|Any CPU.ActiveCfg = Release|Any CPU
		{2D2D1EA1-0947-4BAF-9806-587DF35FDE02}.Release|Any CPU.Build.0 = Release|Any CPU
	EndGlobalSection
	GlobalSection(SolutionProperties) = preSolution
		HideSolutionNode = FALSE
	EndGlobalSection
	GlobalSection(ExtensibilityGlobals) = postSolution
		SolutionGuid = {135C980C-3F49-46CF-8368-D4450A4E4A48}
	EndGlobalSection
EndGlobal
